
Microsoft Visual Studio Solution File, Format Version 12.00
# Visual Studio Version 17
VisualStudioVersion = 17.12.35707.178
MinimumVisualStudioVersion = 10.0.40219.1
Project("{FAE04EC0-301F-11D3-BF4B-00C04F79EFBC}") = "EmailCampaign.Application", "EmailCampaign.Application\EmailCampaign.Application.csproj", "{348714CD-A3CB-4F0F-A2A1-E4D169AD6A24}"
EndProject
Project("{FAE04EC0-301F-11D3-BF4B-00C04F79EFBC}") = "EmailCampaign.Domain", "EmailCampaign.Domain\EmailCampaign.Domain.csproj", "{F331B234-0DD5-4317-9B60-755DD7C6AE7D}"
EndProject
Project("{FAE04EC0-301F-11D3-BF4B-00C04F79EFBC}") = "EmailCampaign.Infrastructure", "EmailCampaign.Infrastructure\EmailCampaign.Infrastructure.csproj", "{61737FD5-BEE9-4CE4-83AB-9B0564C1C2DF}"
EndProject
Project("{FAE04EC0-301F-11D3-BF4B-00C04F79EFBC}") = "EmailCampaign.Api", "EmailCampaign.Api\EmailCampaign.Api.csproj", "{9BE0D0CF-E64F-4BF5-9C8E-BC6216DCB803}"
EndProject
Project("{FAE04EC0-301F-11D3-BF4B-00C04F79EFBC}") = "EmailCampaign.Worker", "EmailCampaign.Worker\EmailCampaign.Worker.csproj", "{28FA307D-9EC0-4736-8346-B81B48969602}"
EndProject
Global
	GlobalSection(SolutionConfigurationPlatforms) = preSolution
		Debug|Any CPU = Debug|Any CPU
		Release|Any CPU = Release|Any CPU
	EndGlobalSection
	GlobalSection(ProjectConfigurationPlatforms) = postSolution
		{348714CD-A3CB-4F0F-A2A1-E4D169AD6A24}.Debug|Any CPU.ActiveCfg = Debug|Any CPU
		{348714CD-A3CB-4F0F-A2A1-E4D169AD6A24}.Debug|Any CPU.Build.0 = Debug|Any CPU
		{348714CD-A3CB-4F0F-A2A1-E4D169AD6A24}.Release|Any CPU.ActiveCfg = Release|Any CPU
		{348714CD-A3CB-4F0F-A2A1-E4D169AD6A24}.Release|Any CPU.Build.0 = Release|Any CPU
		{F331B234-0DD5-4317-9B60-755DD7C6AE7D}.Debug|Any CPU.ActiveCfg = Debug|Any CPU
		{F331B234-0DD5-4317-9B60-755DD7C6AE7D}.Debug|Any CPU.Build.0 = Debug|Any CPU
		{F331B234-0DD5-4317-9B60-755DD7C6AE7D}.Release|Any CPU.ActiveCfg = Release|Any CPU
		{F331B234-0DD5-4317-9B60-755DD7C6AE7D}.Release|Any CPU.Build.0 = Release|Any CPU
		{61737FD5-BEE9-4CE4-83AB-9B0564C1C2DF}.Debug|Any CPU.ActiveCfg = Debug|Any CPU
		{61737FD5-BEE9-4CE4-83AB-9B0564C1C2DF}.Debug|Any CPU.Build.0 = Debug|Any CPU
		{61737FD5-BEE9-4CE4-83AB-9B0564C1C2DF}.Release|Any CPU.ActiveCfg = Release|Any CPU
		{61737FD5-BEE9-4CE4-83AB-9B0564C1C2DF}.Release|Any CPU.Build.0 = Release|Any CPU
		{9BE0D0CF-E64F-4BF5-9C8E-BC6216DCB803}.Debug|Any CPU.ActiveCfg = Debug|Any CPU
		{9BE0D0CF-E64F-4BF5-9C8E-BC6216DCB803}.Debug|Any CPU.Build.0 = Debug|Any CPU
		{9BE0D0CF-E64F-4BF5-9C8E-BC6216DCB803}.Release|Any CPU.ActiveCfg = Release|Any CPU
		{9BE0D0CF-E64F-4BF5-9C8E-BC6216DCB803}.Release|Any CPU.Build.0 = Release|Any CPU
		{28FA307D-9EC0-4736-8346-B81B48969602}.Debug|Any CPU.ActiveCfg = Debug|Any CPU
		{28FA307D-9EC0-4736-8346-B81B48969602}.Debug|Any CPU.Build.0 = Debug|Any CPU
		{28FA307D-9EC0-4736-8346-B81B48969602}.Release|Any CPU.ActiveCfg = Release|Any CPU
		{28FA307D-9EC0-4736-8346-B81B48969602}.Release|Any CPU.Build.0 = Release|Any CPU
	EndGlobalSection
	GlobalSection(SolutionProperties) = preSolution
		HideSolutionNode = FALSE
	EndGlobalSection
	GlobalSection(ExtensibilityGlobals) = postSolution
		SolutionGuid = {4D125BAE-7920-4F59-95A3-322397F82E3E}
	EndGlobalSection
EndGlobal
